
Microsoft Visual Studio Solution File, Format Version 12.00
# Visual Studio 15
VisualStudioVersion = 15.0.27703.2000
MinimumVisualStudioVersion = 10.0.40219.1
Project("{FAE04EC0-301F-11D3-BF4B-00C04F79EFBC}") = "PPiatekHelloWorld", "PPiatekHelloWorld\PPiatekHelloWorld.csproj", "{AB25DF31-235A-4CDA-845C-78BDFFF44D12}"
EndProject
Global
	GlobalSection(SolutionConfigurationPlatforms) = preSolution
		Debug|Any CPU = Debug|Any CPU
		Release|Any CPU = Release|Any CPU
	EndGlobalSection
	GlobalSection(ProjectConfigurationPlatforms) = postSolution
		{AB25DF31-235A-4CDA-845C-78BDFFF44D12}.Debug|Any CPU.ActiveCfg = Debug|Any CPU
		{AB25DF31-235A-4CDA-845C-78BDFFF44D12}.Debug|Any CPU.Build.0 = Debug|Any CPU
		{AB25DF31-235A-4CDA-845C-78BDFFF44D12}.Release|Any CPU.ActiveCfg = Release|Any CPU
		{AB25DF31-235A-4CDA-845C-78BDFFF44D12}.Release|Any CPU.Build.0 = Release|Any CPU
	EndGlobalSection
	GlobalSection(SolutionProperties) = preSolution
		HideSolutionNode = FALSE
	EndGlobalSection
	GlobalSection(ExtensibilityGlobals) = postSolution
		SolutionGuid = {FC2ECCD2-7D88-40CF-9FFD-3661BB216B39}
	EndGlobalSection
EndGlobal
